
Microsoft Visual Studio Solution File, Format Version 12.00
# Visual Studio Version 17
VisualStudioVersion = 17.5.33516.290
MinimumVisualStudioVersion = 10.0.40219.1
Project("{FAE04EC0-301F-11D3-BF4B-00C04F79EFBC}") = "MVC_APP", "MVC_APP.csproj", "{BFF24141-3D7B-4600-A107-5C841B931C97}"
EndProject
Global
	GlobalSection(SolutionConfigurationPlatforms) = preSolution
		Debug|Any CPU = Debug|Any CPU
		Release|Any CPU = Release|Any CPU
	EndGlobalSection
	GlobalSection(ProjectConfigurationPlatforms) = postSolution
		{BFF24141-3D7B-4600-A107-5C841B931C97}.Debug|Any CPU.ActiveCfg = Debug|Any CPU
		{BFF24141-3D7B-4600-A107-5C841B931C97}.Debug|Any CPU.Build.0 = Debug|Any CPU
		{BFF24141-3D7B-4600-A107-5C841B931C97}.Release|Any CPU.ActiveCfg = Release|Any CPU
		{BFF24141-3D7B-4600-A107-5C841B931C97}.Release|Any CPU.Build.0 = Release|Any CPU
	EndGlobalSection
	GlobalSection(SolutionProperties) = preSolution
		HideSolutionNode = FALSE
	EndGlobalSection
	GlobalSection(ExtensibilityGlobals) = postSolution
		SolutionGuid = {20C9383C-22D9-4A4D-8038-6D56EE1DA18E}
	EndGlobalSection
EndGlobal
